# THIS IS AN AUTOGENERATED FILE. DO NOT EDIT THIS FILE DIRECTLY.
# yarn lockfile v1


vue-simple-progress@^1.1.1:
  version "1.1.1"
  resolved "https://registry.yarnpkg.com/vue-simple-progress/-/vue-simple-progress-1.1.1.tgz#5159be55ce6708a98635a6280bf354fece9e7d89"
  integrity sha512-ltLWYBA5eVQHWyt1NwZeGeK0VQC69JVh1oqUdro0po7r8Hc8SEMEyEfuwyCO4s27h5I3jbD99BKKkyPSQZgoZA==
